%{"cowboy": {:git, "git://github.com/ninenines/cowboy.git", "3d9078018d7f0a83a359b70c698d35e35fbb94f9", [tag: "1.0.1"]},
  "cowlib": {:git, "git://github.com/ninenines/cowlib.git", "d544a494af4dbc810fc9c15eaf5cc050cced1501", [ref: "1.0.0"]},
  "phoenix": {:hex, :phoenix, "0.7.2"},
  "plug": {:hex, :plug, "0.9.0"},
  "poison": {:hex, :poison, "1.3.0"},
  "ranch": {:git, "git://github.com/ninenines/ranch.git", "adf1822defc2b7cfdc7aca112adabfa1d614043c", [ref: "1.0.0"]}}
